
Microsoft Visual Studio Solution File, Format Version 12.00
# Visual Studio Version 17
VisualStudioVersion = 17.0.31717.71
MinimumVisualStudioVersion = 10.0.40219.1
Project("{9A19103F-16F7-4668-BE54-9A1E7A4F7556}") = "ServiceA", "ServiceA\ServiceA.csproj", "{7BF70B0D-CAED-42D9-9C07-83FA1BDC065F}"
EndProject
Project("{9A19103F-16F7-4668-BE54-9A1E7A4F7556}") = "ServiceB", "ServiceB\ServiceB.csproj", "{504745BB-605C-41F7-93C3-B696EA299FA0}"
EndProject
Project("{2150E333-8FDC-42A3-9474-1A3956D46DE8}") = "ServiceInvoke", "ServiceInvoke", "{2E0973C0-63C8-4888-B2B4-718480481EC2}"
EndProject
Project("{2150E333-8FDC-42A3-9474-1A3956D46DE8}") = "State", "State", "{0619518E-4069-46F5-9306-C9649DCD3856}"
EndProject
Project("{9A19103F-16F7-4668-BE54-9A1E7A4F7556}") = "StateDemo", "StateDemo\StateDemo.csproj", "{33213DA4-00EB-4594-A7B6-04DDAD76E6DC}"
EndProject
Project("{2150E333-8FDC-42A3-9474-1A3956D46DE8}") = "Pubsub", "Pubsub", "{6A2F5776-C0FB-4088-BEC8-7595EED7D9A6}"
EndProject
Project("{FAE04EC0-301F-11D3-BF4B-00C04F79EFBC}") = "DaprPub", "DaprPub\DaprPub.csproj", "{DE607BCD-19F5-44E7-A8C2-1F628D1BB822}"
EndProject
Project("{FAE04EC0-301F-11D3-BF4B-00C04F79EFBC}") = "DaprSub", "DaprSub\DaprSub.csproj", "{C8DEF7AE-9F4F-4CCA-A0EF-7B458001FE54}"
EndProject
Global
	GlobalSection(SolutionConfigurationPlatforms) = preSolution
		Debug|Any CPU = Debug|Any CPU
		Release|Any CPU = Release|Any CPU
	EndGlobalSection
	GlobalSection(ProjectConfigurationPlatforms) = postSolution
		{7BF70B0D-CAED-42D9-9C07-83FA1BDC065F}.Debug|Any CPU.ActiveCfg = Debug|Any CPU
		{7BF70B0D-CAED-42D9-9C07-83FA1BDC065F}.Debug|Any CPU.Build.0 = Debug|Any CPU
		{7BF70B0D-CAED-42D9-9C07-83FA1BDC065F}.Release|Any CPU.ActiveCfg = Release|Any CPU
		{7BF70B0D-CAED-42D9-9C07-83FA1BDC065F}.Release|Any CPU.Build.0 = Release|Any CPU
		{504745BB-605C-41F7-93C3-B696EA299FA0}.Debug|Any CPU.ActiveCfg = Debug|Any CPU
		{504745BB-605C-41F7-93C3-B696EA299FA0}.Debug|Any CPU.Build.0 = Debug|Any CPU
		{504745BB-605C-41F7-93C3-B696EA299FA0}.Release|Any CPU.ActiveCfg = Release|Any CPU
		{504745BB-605C-41F7-93C3-B696EA299FA0}.Release|Any CPU.Build.0 = Release|Any CPU
		{33213DA4-00EB-4594-A7B6-04DDAD76E6DC}.Debug|Any CPU.ActiveCfg = Debug|Any CPU
		{33213DA4-00EB-4594-A7B6-04DDAD76E6DC}.Debug|Any CPU.Build.0 = Debug|Any CPU
		{33213DA4-00EB-4594-A7B6-04DDAD76E6DC}.Release|Any CPU.ActiveCfg = Release|Any CPU
		{33213DA4-00EB-4594-A7B6-04DDAD76E6DC}.Release|Any CPU.Build.0 = Release|Any CPU
		{DE607BCD-19F5-44E7-A8C2-1F628D1BB822}.Debug|Any CPU.ActiveCfg = Debug|Any CPU
		{DE607BCD-19F5-44E7-A8C2-1F628D1BB822}.Debug|Any CPU.Build.0 = Debug|Any CPU
		{DE607BCD-19F5-44E7-A8C2-1F628D1BB822}.Release|Any CPU.ActiveCfg = Release|Any CPU
		{DE607BCD-19F5-44E7-A8C2-1F628D1BB822}.Release|Any CPU.Build.0 = Release|Any CPU
		{C8DEF7AE-9F4F-4CCA-A0EF-7B458001FE54}.Debug|Any CPU.ActiveCfg = Debug|Any CPU
		{C8DEF7AE-9F4F-4CCA-A0EF-7B458001FE54}.Debug|Any CPU.Build.0 = Debug|Any CPU
		{C8DEF7AE-9F4F-4CCA-A0EF-7B458001FE54}.Release|Any CPU.ActiveCfg = Release|Any CPU
		{C8DEF7AE-9F4F-4CCA-A0EF-7B458001FE54}.Release|Any CPU.Build.0 = Release|Any CPU
	EndGlobalSection
	GlobalSection(SolutionProperties) = preSolution
		HideSolutionNode = FALSE
	EndGlobalSection
	GlobalSection(NestedProjects) = preSolution
		{7BF70B0D-CAED-42D9-9C07-83FA1BDC065F} = {2E0973C0-63C8-4888-B2B4-718480481EC2}
		{504745BB-605C-41F7-93C3-B696EA299FA0} = {2E0973C0-63C8-4888-B2B4-718480481EC2}
		{33213DA4-00EB-4594-A7B6-04DDAD76E6DC} = {0619518E-4069-46F5-9306-C9649DCD3856}
		{DE607BCD-19F5-44E7-A8C2-1F628D1BB822} = {6A2F5776-C0FB-4088-BEC8-7595EED7D9A6}
		{C8DEF7AE-9F4F-4CCA-A0EF-7B458001FE54} = {6A2F5776-C0FB-4088-BEC8-7595EED7D9A6}
	EndGlobalSection
	GlobalSection(ExtensibilityGlobals) = postSolution
		SolutionGuid = {FA439557-EE88-4FDA-B5E1-4A1AFD01F67B}
	EndGlobalSection
EndGlobal
